
Microsoft Visual Studio Solution File, Format Version 12.00
# Visual Studio 15
VisualStudioVersion = 15.0.28307.168
MinimumVisualStudioVersion = 10.0.40219.1
Project("{9A19103F-16F7-4668-BE54-9A1E7A4F7556}") = "Chromely.Unofficial.CefGlue.NetStd", "Chromely.Unofficial.CefGlue.NetStd\Chromely.Unofficial.CefGlue.NetStd.csproj", "{C38E66EB-D81F-40BD-9C2E-A8B0063555A3}"
EndProject
Global
	GlobalSection(SolutionConfigurationPlatforms) = preSolution
		Debug|Any CPU = Debug|Any CPU
		Release|Any CPU = Release|Any CPU
	EndGlobalSection
	GlobalSection(ProjectConfigurationPlatforms) = postSolution
		{C38E66EB-D81F-40BD-9C2E-A8B0063555A3}.Debug|Any CPU.ActiveCfg = Debug|Any CPU
		{C38E66EB-D81F-40BD-9C2E-A8B0063555A3}.Debug|Any CPU.Build.0 = Debug|Any CPU
		{C38E66EB-D81F-40BD-9C2E-A8B0063555A3}.Release|Any CPU.ActiveCfg = Release|Any CPU
		{C38E66EB-D81F-40BD-9C2E-A8B0063555A3}.Release|Any CPU.Build.0 = Release|Any CPU
	EndGlobalSection
	GlobalSection(SolutionProperties) = preSolution
		HideSolutionNode = FALSE
	EndGlobalSection
	GlobalSection(ExtensibilityGlobals) = postSolution
		SolutionGuid = {98B7BE6E-211E-48D4-8B60-32FD3C0B9C34}
	EndGlobalSection
EndGlobal
